// !$*UTF8*$!
{
	archiveVersion = 1;
	classes = {
	};
	objectVersion = 56;
	objects = {

/* Begin PBXBuildFile section */
		B36D22DA2C082FF7000EE794 /* WeSplitApp.swift in Sources */ = {isa = PBXBuildFile; fileRef = B36D22D92C082FF7000EE794 /* WeSplitApp.swift */; };
		B36D22DC2C082FF7000EE794 /* ContentView.swift in Sources */ = {isa = PBXBuildFile; fileRef = B36D22DB2C082FF7000EE794 /* ContentView.swift */; };
		B36D22DE2C082FF8000EE794 /* Assets.xcassets in Resources */ = {isa = PBXBuildFile; fileRef = B36D22DD2C082FF8000EE794 /* Assets.xcassets */; };
		B36D22E12C082FF8000EE794 /* Preview Assets.xcassets in Resources */ = {isa = PBXBuildFile; fileRef = B36D22E02C082FF8000EE794 /* Preview Assets.xcassets */; };
		B371129D2C09E03F00199885 /* Crear formulario.swift in Sources */ = {isa = PBXBuildFile; fileRef = B371129C2C09E03F00199885 /* Crear formulario.swift */; };
		B37112A02C09E57600199885 /* Barra navegacion.swift in Sources */ = {isa = PBXBuildFile; fileRef = B371129F2C09E57600199885 /* Barra navegacion.swift */; };
		B37112A22C09F2AC00199885 /* Modificador de estado.swift in Sources */ = {isa = PBXBuildFile; fileRef = B37112A12C09F2AC00199885 /* Modificador de estado.swift */; };
		B37112A42C0A33EF00199885 /* Estado enlaces.swift in Sources */ = {isa = PBXBuildFile; fileRef = B37112A32C0A33EF00199885 /* Estado enlaces.swift */; };
		B37112A62C0A532400199885 /* VistasBucle.swift in Sources */ = {isa = PBXBuildFile; fileRef = B37112A52C0A532400199885 /* VistasBucle.swift */; };
/* End PBXBuildFile section */

/* Begin PBXFileReference section */
		B36D22D62C082FF7000EE794 /* WeSplit.app */ = {isa = PBXFileReference; explicitFileType = wrapper.application; includeInIndex = 0; path = WeSplit.app; sourceTree = BUILT_PRODUCTS_DIR; };
		B36D22D92C082FF7000EE794 /* WeSplitApp.swift */ = {isa = PBXFileReference; lastKnownFileType = sourcecode.swift; path = WeSplitApp.swift; sourceTree = "<group>"; };
		B36D22DB2C082FF7000EE794 /* ContentView.swift */ = {isa = PBXFileReference; lastKnownFileType = sourcecode.swift; path = ContentView.swift; sourceTree = "<group>"; };
		B36D22DD2C082FF8000EE794 /* Assets.xcassets */ = {isa = PBXFileReference; lastKnownFileType = folder.assetcatalog; path = Assets.xcassets; sourceTree = "<group>"; };
		B36D22E02C082FF8000EE794 /* Preview Assets.xcassets */ = {isa = PBXFileReference; lastKnownFileType = folder.assetcatalog; path = "Preview Assets.xcassets"; sourceTree = "<group>"; };
		B371129C2C09E03F00199885 /* Crear formulario.swift */ = {isa = PBXFileReference; lastKnownFileType = sourcecode.swift; path = "Crear formulario.swift"; sourceTree = "<group>"; };
		B371129F2C09E57600199885 /* Barra navegacion.swift */ = {isa = PBXFileReference; lastKnownFileType = sourcecode.swift; path = "Barra navegacion.swift"; sourceTree = "<group>"; };
		B37112A12C09F2AC00199885 /* Modificador de estado.swift */ = {isa = PBXFileReference; lastKnownFileType = sourcecode.swift; path = "Modificador de estado.swift"; sourceTree = "<group>"; };
		B37112A32C0A33EF00199885 /* Estado enlaces.swift */ = {isa = PBXFileReference; lastKnownFileType = sourcecode.swift; path = "Estado enlaces.swift"; sourceTree = "<group>"; };
		B37112A52C0A532400199885 /* VistasBucle.swift */ = {isa = PBXFileReference; lastKnownFileType = sourcecode.swift; path = VistasBucle.swift; sourceTree = "<group>"; };
/* End PBXFileReference section */

/* Begin PBXFrameworksBuildPhase section */
		B36D22D32C082FF7000EE794 /* Frameworks */ = {
			isa = PBXFrameworksBuildPhase;
			buildActionMask = 2147483647;
			files = (
			);
			runOnlyForDeploymentPostprocessing = 0;
		};
/* End PBXFrameworksBuildPhase section */

/* Begin PBXGroup section */
		B36D22CD2C082FF7000EE794 = {
			isa = PBXGroup;
			children = (
				B36D22D82C082FF7000EE794 /* WeSplit */,
				B36D22D72C082FF7000EE794 /* Products */,
			);
			sourceTree = "<group>";
		};
		B36D22D72C082FF7000EE794 /* Products */ = {
			isa = PBXGroup;
			children = (
				B36D22D62C082FF7000EE794 /* WeSplit.app */,
			);
			name = Products;
			sourceTree = "<group>";
		};
		B36D22D82C082FF7000EE794 /* WeSplit */ = {
			isa = PBXGroup;
			children = (
				B36D22D92C082FF7000EE794 /* WeSplitApp.swift */,
				B36D22DB2C082FF7000EE794 /* ContentView.swift */,
				B371129E2C09E1B400199885 /* Tutoriales ejemplos */,
				B36D22DD2C082FF8000EE794 /* Assets.xcassets */,
				B36D22DF2C082FF8000EE794 /* Preview Content */,
			);
			path = WeSplit;
			sourceTree = "<group>";
		};
		B36D22DF2C082FF8000EE794 /* Preview Content */ = {
			isa = PBXGroup;
			children = (
				B36D22E02C082FF8000EE794 /* Preview Assets.xcassets */,
			);
			path = "Preview Content";
			sourceTree = "<group>";
		};
		B371129E2C09E1B400199885 /* Tutoriales ejemplos */ = {
			isa = PBXGroup;
			children = (
				B371129C2C09E03F00199885 /* Crear formulario.swift */,
				B371129F2C09E57600199885 /* Barra navegacion.swift */,
				B37112A12C09F2AC00199885 /* Modificador de estado.swift */,
				B37112A32C0A33EF00199885 /* Estado enlaces.swift */,
				B37112A52C0A532400199885 /* VistasBucle.swift */,
			);
			path = "Tutoriales ejemplos";
			sourceTree = "<group>";
		};
/* End PBXGroup section */

/* Begin PBXNativeTarget section */
		B36D22D52C082FF7000EE794 /* WeSplit */ = {
			isa = PBXNativeTarget;
			buildConfigurationList = B36D22E42C082FF8000EE794 /* Build configuration list for PBXNativeTarget "WeSplit" */;
			buildPhases = (
				B36D22D22C082FF7000EE794 /* Sources */,
				B36D22D32C082FF7000EE794 /* Frameworks */,
				B36D22D42C082FF7000EE794 /* Resources */,
			);
			buildRules = (
			);
			dependencies = (
			);
			name = WeSplit;
			productName = WeSplit;
			productReference = B36D22D62C082FF7000EE794 /* WeSplit.app */;
			productType = "com.apple.product-type.application";
		};
/* End PBXNativeTarget section */

/* Begin PBXProject section */
		B36D22CE2C082FF7000EE794 /* Project object */ = {
			isa = PBXProject;
			attributes = {
				BuildIndependentTargetsInParallel = 1;
				LastSwiftUpdateCheck = 1540;
				LastUpgradeCheck = 1540;
				TargetAttributes = {
					B36D22D52C082FF7000EE794 = {
						CreatedOnToolsVersion = 15.4;
					};
				};
			};
			buildConfigurationList = B36D22D12C082FF7000EE794 /* Build configuration list for PBXProject "WeSplit" */;
			compatibilityVersion = "Xcode 14.0";
			developmentRegion = en;
			hasScannedForEncodings = 0;
			knownRegions = (
				en,
				Base,
			);
			mainGroup = B36D22CD2C082FF7000EE794;
			productRefGroup = B36D22D72C082FF7000EE794 /* Products */;
			projectDirPath = "";
			projectRoot = "";
			targets = (
				B36D22D52C082FF7000EE794 /* WeSplit */,
			);
		};
/* End PBXProject section */

/* Begin PBXResourcesBuildPhase section */
		B36D22D42C082FF7000EE794 /* Resources */ = {
			isa = PBXResourcesBuildPhase;
			buildActionMask = 2147483647;
			files = (
				B36D22E12C082FF8000EE794 /* Preview Assets.xcassets in Resources */,
				B36D22DE2C082FF8000EE794 /* Assets.xcassets in Resources */,
			);
			runOnlyForDeploymentPostprocessing = 0;
		};
/* End PBXResourcesBuildPhase section */

/* Begin PBXSourcesBuildPhase section */
		B36D22D22C082FF7000EE794 /* Sources */ = {
			isa = PBXSourcesBuildPhase;
			buildActionMask = 2147483647;
			files = (
				B36D22DC2C082FF7000EE794 /* ContentView.swift in Sources */,
				B36D22DA2C082FF7000EE794 /* WeSplitApp.swift in Sources */,
				B37112A02C09E57600199885 /* Barra navegacion.swift in Sources */,
				B371129D2C09E03F00199885 /* Crear formulario.swift in Sources */,
				B37112A62C0A532400199885 /* VistasBucle.swift in Sources */,
				B37112A42C0A33EF00199885 /* Estado enlaces.swift in Sources */,
				B37112A22C09F2AC00199885 /* Modificador de estado.swift in Sources */,
			);
			runOnlyForDeploymentPostprocessing = 0;
		};
/* End PBXSourcesBuildPhase section */

/* Begin XCBuildConfiguration section */
		B36D22E22C082FF8000EE794 /* Debug */ = {
			isa = XCBuildConfiguration;
			buildSettings = {
				ALWAYS_SEARCH_USER_PATHS = NO;
				ASSETCATALOG_COMPILER_GENERATE_SWIFT_ASSET_SYMBOL_EXTENSIONS = YES;
				CLANG_ANALYZER_NONNULL = YES;
				CLANG_ANALYZER_NUMBER_OBJECT_CONVERSION = YES_AGGRESSIVE;
				CLANG_CXX_LANGUAGE_STANDARD = "gnu++20";
				CLANG_ENABLE_MODULES = YES;
				CLANG_ENABLE_OBJC_ARC = YES;
				CLANG_ENABLE_OBJC_WEAK = YES;
				CLANG_WARN_BLOCK_CAPTURE_AUTORELEASING = YES;
				CLANG_WARN_BOOL_CONVERSION = YES;
				CLANG_WARN_COMMA = YES;
				CLANG_WARN_CONSTANT_CONVERSION = YES;
				CLANG_WARN_DEPRECATED_OBJC_IMPLEMENTATIONS = YES;
				CLANG_WARN_DIRECT_OBJC_ISA_USAGE = YES_ERROR;
				CLANG_WARN_DOCUMENTATION_COMMENTS = YES;
				CLANG_WARN_EMPTY_BODY = YES;
				CLANG_WARN_ENUM_CONVERSION = YES;
				CLANG_WARN_INFINITE_RECURSION = YES;
				CLANG_WARN_INT_CONVERSION = YES;
				CLANG_WARN_NON_LITERAL_NULL_CONVERSION = YES;
				CLANG_WARN_OBJC_IMPLICIT_RETAIN_SELF = YES;
				CLANG_WARN_OBJC_LITERAL_CONVERSION = YES;
				CLANG_WARN_OBJC_ROOT_CLASS = YES_ERROR;
				CLANG_WARN_QUOTED_INCLUDE_IN_FRAMEWORK_HEADER = YES;
				CLANG_WARN_RANGE_LOOP_ANALYSIS = YES;
				CLANG_WARN_STRICT_PROTOTYPES = YES;
				CLANG_WARN_SUSPICIOUS_MOVE = YES;
				CLANG_WARN_UNGUARDED_AVAILABILITY = YES_AGGRESSIVE;
				CLANG_WARN_UNREACHABLE_CODE = YES;
				CLANG_WARN__DUPLICATE_METHOD_MATCH = YES;
				COPY_PHASE_STRIP = NO;
				DEBUG_INFORMATION_FORMAT = dwarf;
				ENABLE_STRICT_OBJC_MSGSEND = YES;
				ENABLE_TESTABILITY = YES;
				ENABLE_USER_SCRIPT_SANDBOXING = YES;
				GCC_C_LANGUAGE_STANDARD = gnu17;
				GCC_DYNAMIC_NO_PIC = NO;
				GCC_NO_COMMON_BLOCKS = YES;
				GCC_OPTIMIZATION_LEVEL = 0;
				GCC_PREPROCESSOR_DEFINITIONS = (
					"DEBUG=1",
					"$(inherited)",
				);
				GCC_WARN_64_TO_32_BIT_CONVERSION = YES;
				GCC_WARN_ABOUT_RETURN_TYPE = YES_ERROR;
				GCC_WARN_UNDECLARED_SELECTOR = YES;
				GCC_WARN_UNINITIALIZED_AUTOS = YES_AGGRESSIVE;
				GCC_WARN_UNUSED_FUNCTION = YES;
				GCC_WARN_UNUSED_VARIABLE = YES;
				IPHONEOS_DEPLOYMENT_TARGET = 17.5;
				LOCALIZATION_PREFERS_STRING_CATALOGS = YES;
				MTL_ENABLE_DEBUG_INFO = INCLUDE_SOURCE;
				MTL_FAST_MATH = YES;
				ONLY_ACTIVE_ARCH = YES;
				SDKROOT = iphoneos;
				SWIFT_ACTIVE_COMPILATION_CONDITIONS = "DEBUG $(inherited)";
				SWIFT_OPTIMIZATION_LEVEL = "-Onone";
			};
			name = Debug;
		};
		B36D22E32C082FF8000EE794 /* Release */ = {
			isa = XCBuildConfiguration;
			buildSettings = {
				ALWAYS_SEARCH_USER_PATHS = NO;
				ASSETCATALOG_COMPILER_GENERATE_SWIFT_ASSET_SYMBOL_EXTENSIONS = YES;
				CLANG_ANALYZER_NONNULL = YES;
				CLANG_ANALYZER_NUMBER_OBJECT_CONVERSION = YES_AGGRESSIVE;
				CLANG_CXX_LANGUAGE_STANDARD = "gnu++20";
				CLANG_ENABLE_MODULES = YES;
				CLANG_ENABLE_OBJC_ARC = YES;
				CLANG_ENABLE_OBJC_WEAK = YES;
				CLANG_WARN_BLOCK_CAPTURE_AUTORELEASING = YES;
				CLANG_WARN_BOOL_CONVERSION = YES;
				CLANG_WARN_COMMA = YES;
				CLANG_WARN_CONSTANT_CONVERSION = YES;
				CLANG_WARN_DEPRECATED_OBJC_IMPLEMENTATIONS = YES;
				CLANG_WARN_DIRECT_OBJC_ISA_USAGE = YES_ERROR;
				CLANG_WARN_DOCUMENTATION_COMMENTS = YES;
				CLANG_WARN_EMPTY_BODY = YES;
				CLANG_WARN_ENUM_CONVERSION = YES;
				CLANG_WARN_INFINITE_RECURSION = YES;
				CLANG_WARN_INT_CONVERSION = YES;
				CLANG_WARN_NON_LITERAL_NULL_CONVERSION = YES;
				CLANG_WARN_OBJC_IMPLICIT_RETAIN_SELF = YES;
				CLANG_WARN_OBJC_LITERAL_CONVERSION = YES;
				CLANG_WARN_OBJC_ROOT_CLASS = YES_ERROR;
				CLANG_WARN_QUOTED_INCLUDE_IN_FRAMEWORK_HEADER = YES;
				CLANG_WARN_RANGE_LOOP_ANALYSIS = YES;
				CLANG_WARN_STRICT_PROTOTYPES = YES;
				CLANG_WARN_SUSPICIOUS_MOVE = YES;
				CLANG_WARN_UNGUARDED_AVAILABILITY = YES_AGGRESSIVE;
				CLANG_WARN_UNREACHABLE_CODE = YES;
				CLANG_WARN__DUPLICATE_METHOD_MATCH = YES;
				COPY_PHASE_STRIP = NO;
				DEBUG_INFORMATION_FORMAT = "dwarf-with-dsym";
				ENABLE_NS_ASSERTIONS = NO;
				ENABLE_STRICT_OBJC_MSGSEND = YES;
				ENABLE_USER_SCRIPT_SANDBOXING = YES;
				GCC_C_LANGUAGE_STANDARD = gnu17;
				GCC_NO_COMMON_BLOCKS = YES;
				GCC_WARN_64_TO_32_BIT_CONVERSION = YES;
				GCC_WARN_ABOUT_RETURN_TYPE = YES_ERROR;
				GCC_WARN_UNDECLARED_SELECTOR = YES;
				GCC_WARN_UNINITIALIZED_AUTOS = YES_AGGRESSIVE;
				GCC_WARN_UNUSED_FUNCTION = YES;
				GCC_WARN_UNUSED_VARIABLE = YES;
				IPHONEOS_DEPLOYMENT_TARGET = 17.5;
				LOCALIZATION_PREFERS_STRING_CATALOGS = YES;
				MTL_ENABLE_DEBUG_INFO = NO;
				MTL_FAST_MATH = YES;
				SDKROOT = iphoneos;
				SWIFT_COMPILATION_MODE = wholemodule;
				VALIDATE_PRODUCT = YES;
			};
			name = Release;
		};
		B36D22E52C082FF8000EE794 /* Debug */ = {
			isa = XCBuildConfiguration;
			buildSettings = {
				ASSETCATALOG_COMPILER_APPICON_NAME = AppIcon;
				ASSETCATALOG_COMPILER_GLOBAL_ACCENT_COLOR_NAME = AccentColor;
				CODE_SIGN_STYLE = Automatic;
				CURRENT_PROJECT_VERSION = 1;
				DEVELOPMENT_ASSET_PATHS = "\"WeSplit/Preview Content\"";
				ENABLE_PREVIEWS = YES;
				GENERATE_INFOPLIST_FILE = YES;
				INFOPLIST_KEY_UIApplicationSceneManifest_Generation = YES;
				INFOPLIST_KEY_UIApplicationSupportsIndirectInputEvents = YES;
				INFOPLIST_KEY_UILaunchScreen_Generation = YES;
				INFOPLIST_KEY_UISupportedInterfaceOrientations_iPad = "UIInterfaceOrientationPortrait UIInterfaceOrientationPortraitUpsideDown UIInterfaceOrientationLandscapeLeft UIInterfaceOrientationLandscapeRight";
				INFOPLIST_KEY_UISupportedInterfaceOrientations_iPhone = "UIInterfaceOrientationPortrait UIInterfaceOrientationLandscapeLeft UIInterfaceOrientationLandscapeRight";
				LD_RUNPATH_SEARCH_PATHS = (
					"$(inherited)",
					"@executable_path/Frameworks",
				);
				MARKETING_VERSION = 1.0;
				PRODUCT_BUNDLE_IDENTIFIER = com.kontroldesignstudio.WeSplit;
				PRODUCT_NAME = "$(TARGET_NAME)";
				SWIFT_EMIT_LOC_STRINGS = YES;
				SWIFT_VERSION = 5.0;
				TARGETED_DEVICE_FAMILY = "1,2";
			};
			name = Debug;
		};
		B36D22E62C082FF8000EE794 /* Release */ = {
			isa = XCBuildConfiguration;
			buildSettings = {
				ASSETCATALOG_COMPILER_APPICON_NAME = AppIcon;
				ASSETCATALOG_COMPILER_GLOBAL_ACCENT_COLOR_NAME = AccentColor;
				CODE_SIGN_STYLE = Automatic;
				CURRENT_PROJECT_VERSION = 1;
				DEVELOPMENT_ASSET_PATHS = "\"WeSplit/Preview Content\"";
				ENABLE_PREVIEWS = YES;
				GENERATE_INFOPLIST_FILE = YES;
				INFOPLIST_KEY_UIApplicationSceneManifest_Generation = YES;
				INFOPLIST_KEY_UIApplicationSupportsIndirectInputEvents = YES;
				INFOPLIST_KEY_UILaunchScreen_Generation = YES;
				INFOPLIST_KEY_UISupportedInterfaceOrientations_iPad = "UIInterfaceOrientationPortrait UIInterfaceOrientationPortraitUpsideDown UIInterfaceOrientationLandscapeLeft UIInterfaceOrientationLandscapeRight";
				INFOPLIST_KEY_UISupportedInterfaceOrientations_iPhone = "UIInterfaceOrientationPortrait UIInterfaceOrientationLandscapeLeft UIInterfaceOrientationLandscapeRight";
				LD_RUNPATH_SEARCH_PATHS = (
					"$(inherited)",
					"@executable_path/Frameworks",
				);
				MARKETING_VERSION = 1.0;
				PRODUCT_BUNDLE_IDENTIFIER = com.kontroldesignstudio.WeSplit;
				PRODUCT_NAME = "$(TARGET_NAME)";
				SWIFT_EMIT_LOC_STRINGS = YES;
				SWIFT_VERSION = 5.0;
				TARGETED_DEVICE_FAMILY = "1,2";
			};
			name = Release;
		};
/* End XCBuildConfiguration section */

/* Begin XCConfigurationList section */
		B36D22D12C082FF7000EE794 /* Build configuration list for PBXProject "WeSplit" */ = {
			isa = XCConfigurationList;
			buildConfigurations = (
				B36D22E22C082FF8000EE794 /* Debug */,
				B36D22E32C082FF8000EE794 /* Release */,
			);
			defaultConfigurationIsVisible = 0;
			defaultConfigurationName = Release;
		};
		B36D22E42C082FF8000EE794 /* Build configuration list for PBXNativeTarget "WeSplit" */ = {
			isa = XCConfigurationList;
			buildConfigurations = (
				B36D22E52C082FF8000EE794 /* Debug */,
				B36D22E62C082FF8000EE794 /* Release */,
			);
			defaultConfigurationIsVisible = 0;
			defaultConfigurationName = Release;
		};
/* End XCConfigurationList section */
	};
	rootObject = B36D22CE2C082FF7000EE794 /* Project object */;
}
